
Microsoft Visual Studio Solution File, Format Version 12.00
# Visual Studio Version 17
VisualStudioVersion = 17.12.35521.163 d17.12
MinimumVisualStudioVersion = 10.0.40219.1
Project("{FAE04EC0-301F-11D3-BF4B-00C04F79EFBC}") = "eCommerceApp.Domain", "eCommerceApp.Domain\eCommerceApp.Domain.csproj", "{8B50DF1C-BC73-4ACD-BC41-9B7BBED7EFE9}"
EndProject
Project("{FAE04EC0-301F-11D3-BF4B-00C04F79EFBC}") = "eCommerceApp.Application", "eCommerceApp.Application\eCommerceApp.Application.csproj", "{F249DC45-41D9-45BF-8C1E-DE9D856E9B1B}"
EndProject
Project("{FAE04EC0-301F-11D3-BF4B-00C04F79EFBC}") = "eCommerceApp.Infrastructure", "eCommerceApp.Infrastructure\eCommerceApp.Infrastructure.csproj", "{A46F9BDD-E7E1-433B-B0FD-455839BF01A9}"
EndProject
Project("{FAE04EC0-301F-11D3-BF4B-00C04F79EFBC}") = "eCommerceApp.Host", "eCommerceApp.Host\eCommerceApp.Host.csproj", "{E6D172F7-6BF6-4B7C-8687-6A9E26C88CC0}"
EndProject
Global
	GlobalSection(SolutionConfigurationPlatforms) = preSolution
		Debug|Any CPU = Debug|Any CPU
		Release|Any CPU = Release|Any CPU
	EndGlobalSection
	GlobalSection(ProjectConfigurationPlatforms) = postSolution
		{8B50DF1C-BC73-4ACD-BC41-9B7BBED7EFE9}.Debug|Any CPU.ActiveCfg = Debug|Any CPU
		{8B50DF1C-BC73-4ACD-BC41-9B7BBED7EFE9}.Debug|Any CPU.Build.0 = Debug|Any CPU
		{8B50DF1C-BC73-4ACD-BC41-9B7BBED7EFE9}.Release|Any CPU.ActiveCfg = Release|Any CPU
		{8B50DF1C-BC73-4ACD-BC41-9B7BBED7EFE9}.Release|Any CPU.Build.0 = Release|Any CPU
		{F249DC45-41D9-45BF-8C1E-DE9D856E9B1B}.Debug|Any CPU.ActiveCfg = Debug|Any CPU
		{F249DC45-41D9-45BF-8C1E-DE9D856E9B1B}.Debug|Any CPU.Build.0 = Debug|Any CPU
		{F249DC45-41D9-45BF-8C1E-DE9D856E9B1B}.Release|Any CPU.ActiveCfg = Release|Any CPU
		{F249DC45-41D9-45BF-8C1E-DE9D856E9B1B}.Release|Any CPU.Build.0 = Release|Any CPU
		{A46F9BDD-E7E1-433B-B0FD-455839BF01A9}.Debug|Any CPU.ActiveCfg = Debug|Any CPU
		{A46F9BDD-E7E1-433B-B0FD-455839BF01A9}.Debug|Any CPU.Build.0 = Debug|Any CPU
		{A46F9BDD-E7E1-433B-B0FD-455839BF01A9}.Release|Any CPU.ActiveCfg = Release|Any CPU
		{A46F9BDD-E7E1-433B-B0FD-455839BF01A9}.Release|Any CPU.Build.0 = Release|Any CPU
		{E6D172F7-6BF6-4B7C-8687-6A9E26C88CC0}.Debug|Any CPU.ActiveCfg = Debug|Any CPU
		{E6D172F7-6BF6-4B7C-8687-6A9E26C88CC0}.Debug|Any CPU.Build.0 = Debug|Any CPU
		{E6D172F7-6BF6-4B7C-8687-6A9E26C88CC0}.Release|Any CPU.ActiveCfg = Release|Any CPU
		{E6D172F7-6BF6-4B7C-8687-6A9E26C88CC0}.Release|Any CPU.Build.0 = Release|Any CPU
	EndGlobalSection
	GlobalSection(SolutionProperties) = preSolution
		HideSolutionNode = FALSE
	EndGlobalSection
EndGlobal
